
Microsoft Visual Studio Solution File, Format Version 12.00
# Visual Studio 15
VisualStudioVersion = 15.0.27130.2024
MinimumVisualStudioVersion = 10.0.40219.1
Project("{FAE04EC0-301F-11D3-BF4B-00C04F79EFBC}") = "Bug Tracker", "Bug Tracker\Bug Tracker.csproj", "{31C4910F-DD4B-4885-B251-99BA93DCCD9A}"
EndProject
Global
	GlobalSection(SolutionConfigurationPlatforms) = preSolution
		Debug|Any CPU = Debug|Any CPU
		Release|Any CPU = Release|Any CPU
	EndGlobalSection
	GlobalSection(ProjectConfigurationPlatforms) = postSolution
		{31C4910F-DD4B-4885-B251-99BA93DCCD9A}.Debug|Any CPU.ActiveCfg = Debug|Any CPU
		{31C4910F-DD4B-4885-B251-99BA93DCCD9A}.Debug|Any CPU.Build.0 = Debug|Any CPU
		{31C4910F-DD4B-4885-B251-99BA93DCCD9A}.Release|Any CPU.ActiveCfg = Release|Any CPU
		{31C4910F-DD4B-4885-B251-99BA93DCCD9A}.Release|Any CPU.Build.0 = Release|Any CPU
	EndGlobalSection
	GlobalSection(SolutionProperties) = preSolution
		HideSolutionNode = FALSE
	EndGlobalSection
	GlobalSection(ExtensibilityGlobals) = postSolution
		SolutionGuid = {9277BD64-B5C8-4E80-975B-D86692793711}
	EndGlobalSection
EndGlobal
